
Microsoft Visual Studio Solution File, Format Version 12.00
# Visual Studio Version 18
VisualStudioVersion = 18.8.12009.203 stable
MinimumVisualStudioVersion = 10.0.40219.1
Project("{2150E333-8FDC-42A3-9474-1A3956D46DE8}") = ".paket", ".paket", "{ACD2C8C2-4A10-428B-860F-C37E44C1AAEA}"
	ProjectSection(SolutionItems) = preProject
		paket.dependencies = paket.dependencies
		paket.lock = paket.lock
	EndProjectSection
EndProject
Project("{9A19103F-16F7-4668-BE54-9A1E7A4F7556}") = "Itminus.Tags", "Itminus.Tags\Itminus.Tags.csproj", "{1DD38B80-8BC3-4F1B-97F0-C8CB2A43CC7E}"
EndProject
Project("{9A19103F-16F7-4668-BE54-9A1E7A4F7556}") = "Itminus.Tags.Tests", "Itminus.Tags.Tests\Itminus.Tags.Tests.csproj", "{C6846047-B5C9-4FC6-B3FF-9866CEC0A6AD}"
EndProject
Project("{9A19103F-16F7-4668-BE54-9A1E7A4F7556}") = "Itminus.Tags.S7", "Itminus.Tags.S7\Itminus.Tags.S7.csproj", "{314044F0-F484-4997-A8C5-29B4EF1F08D8}"
EndProject
Project("{9A19103F-16F7-4668-BE54-9A1E7A4F7556}") = "Itminus.Tags.ModbusTcp", "Itminus.Tags.ModbusTcp\Itminus.Tags.ModbusTcp.csproj", "{B53CD3D4-43DE-432B-98A0-5DDA8DC5B028}"
EndProject
Project("{9A19103F-16F7-4668-BE54-9A1E7A4F7556}") = "Itminus.Tags.ZLan", "Itminus.Tags.ZLan\Itminus.Tags.ZLan.csproj", "{31FB6F99-88A8-4A95-95AE-0FE12918662D}"
EndProject
Project("{FAE04EC0-301F-11D3-BF4B-00C04F79EFBC}") = "Itminus.Tags.RxExtensions", "Itminus.Tags.RxExtensions\Itminus.Tags.RxExtensions.csproj", "{6872035E-F830-4607-BD39-AE891304E6F9}"
EndProject
Project("{FAE04EC0-301F-11D3-BF4B-00C04F79EFBC}") = "Itminus.Tags.Web", "Itminus.Tags.Web\Itminus.Tags.Web.csproj", "{BC6E5740-C15F-41E0-A84F-C33B0C63FFCD}"
EndProject
Project("{FAE04EC0-301F-11D3-BF4B-00C04F79EFBC}") = "Samples.Plugin1", "Samples.Plugin1\Samples.Plugin1.csproj", "{98B8A2ED-DFCF-445C-AB9F-996355F09A40}"
EndProject
Project("{FAE04EC0-301F-11D3-BF4B-00C04F79EFBC}") = "Itminus.Tags.OpcUaClient", "Itminus.Tags.OpcUaClient\Itminus.Tags.OpcUaClient.csproj", "{16F2257D-A3D4-15BD-4123-6618EE334683}"
EndProject
Project("{FAE04EC0-301F-11D3-BF4B-00C04F79EFBC}") = "Itminus.Tags.BlazorLib", "Itminus.Tags.BlazorLib\Itminus.Tags.BlazorLib.csproj", "{6DADACB1-1F1D-459E-A454-7710796A15F0}"
EndProject
Project("{FAE04EC0-301F-11D3-BF4B-00C04F79EFBC}") = "Itminus.Tags.ComScanner", "Itminus.Tags.ComScanner\Itminus.Tags.ComScanner.csproj", "{0DC3AE9A-CD52-6964-C550-23349168D49E}"
EndProject
Project("{FAE04EC0-301F-11D3-BF4B-00C04F79EFBC}") = "Itminus.Tags.Hjzk", "Itminus.Tags.Hjzk\Itminus.Tags.Hjzk.csproj", "{3ED92E5B-2D4E-4603-9FEC-343F46561D2B}"
EndProject
Project("{FAE04EC0-301F-11D3-BF4B-00C04F79EFBC}") = "Itminus.Tags.Core", "Itminus.Tags.Core\Itminus.Tags.Core.csproj", "{0A2B08DA-D453-4113-8F60-E65DBC402A6A}"
EndProject
Project("{FAE04EC0-301F-11D3-BF4B-00C04F79EFBC}") = "WpfDemo", "..\samples\WpfDemo\WpfDemo.csproj", "{254A2A77-B18D-451A-8902-7AD16818E360}"
EndProject
Project("{FAE04EC0-301F-11D3-BF4B-00C04F79EFBC}") = "Itminus.Tags.McpServer", "Itminus.Tags.McpServer\Itminus.Tags.McpServer.csproj", "{2B77F7A3-2C48-6915-2171-D6CF3259407A}"
EndProject
Global
	GlobalSection(SolutionConfigurationPlatforms) = preSolution
		Debug|Any CPU = Debug|Any CPU
		Release|Any CPU = Release|Any CPU
	EndGlobalSection
	GlobalSection(ProjectConfigurationPlatforms) = postSolution
		{1DD38B80-8BC3-4F1B-97F0-C8CB2A43CC7E}.Debug|Any CPU.ActiveCfg = Debug|Any CPU
		{1DD38B80-8BC3-4F1B-97F0-C8CB2A43CC7E}.Debug|Any CPU.Build.0 = Debug|Any CPU
		{1DD38B80-8BC3-4F1B-97F0-C8CB2A43CC7E}.Release|Any CPU.ActiveCfg = Release|Any CPU
		{1DD38B80-8BC3-4F1B-97F0-C8CB2A43CC7E}.Release|Any CPU.Build.0 = Release|Any CPU
		{C6846047-B5C9-4FC6-B3FF-9866CEC0A6AD}.Debug|Any CPU.ActiveCfg = Debug|Any CPU
		{C6846047-B5C9-4FC6-B3FF-9866CEC0A6AD}.Debug|Any CPU.Build.0 = Debug|Any CPU
		{C6846047-B5C9-4FC6-B3FF-9866CEC0A6AD}.Release|Any CPU.ActiveCfg = Release|Any CPU
		{C6846047-B5C9-4FC6-B3FF-9866CEC0A6AD}.Release|Any CPU.Build.0 = Release|Any CPU
		{314044F0-F484-4997-A8C5-29B4EF1F08D8}.Debug|Any CPU.ActiveCfg = Debug|Any CPU
		{314044F0-F484-4997-A8C5-29B4EF1F08D8}.Debug|Any CPU.Build.0 = Debug|Any CPU
		{314044F0-F484-4997-A8C5-29B4EF1F08D8}.Release|Any CPU.ActiveCfg = Release|Any CPU
		{314044F0-F484-4997-A8C5-29B4EF1F08D8}.Release|Any CPU.Build.0 = Release|Any CPU
		{B53CD3D4-43DE-432B-98A0-5DDA8DC5B028}.Debug|Any CPU.ActiveCfg = Debug|Any CPU
		{B53CD3D4-43DE-432B-98A0-5DDA8DC5B028}.Debug|Any CPU.Build.0 = Debug|Any CPU
		{B53CD3D4-43DE-432B-98A0-5DDA8DC5B028}.Release|Any CPU.ActiveCfg = Release|Any CPU
		{B53CD3D4-43DE-432B-98A0-5DDA8DC5B028}.Release|Any CPU.Build.0 = Release|Any CPU
		{31FB6F99-88A8-4A95-95AE-0FE12918662D}.Debug|Any CPU.ActiveCfg = Debug|Any CPU
		{31FB6F99-88A8-4A95-95AE-0FE12918662D}.Debug|Any CPU.Build.0 = Debug|Any CPU
		{31FB6F99-88A8-4A95-95AE-0FE12918662D}.Release|Any CPU.ActiveCfg = Release|Any CPU
		{31FB6F99-88A8-4A95-95AE-0FE12918662D}.Release|Any CPU.Build.0 = Release|Any CPU
		{6872035E-F830-4607-BD39-AE891304E6F9}.Debug|Any CPU.ActiveCfg = Debug|Any CPU
		{6872035E-F830-4607-BD39-AE891304E6F9}.Debug|Any CPU.Build.0 = Debug|Any CPU
		{6872035E-F830-4607-BD39-AE891304E6F9}.Release|Any CPU.ActiveCfg = Release|Any CPU
		{6872035E-F830-4607-BD39-AE891304E6F9}.Release|Any CPU.Build.0 = Release|Any CPU
		{BC6E5740-C15F-41E0-A84F-C33B0C63FFCD}.Debug|Any CPU.ActiveCfg = Debug|Any CPU
		{BC6E5740-C15F-41E0-A84F-C33B0C63FFCD}.Debug|Any CPU.Build.0 = Debug|Any CPU
		{BC6E5740-C15F-41E0-A84F-C33B0C63FFCD}.Release|Any CPU.ActiveCfg = Release|Any CPU
		{BC6E5740-C15F-41E0-A84F-C33B0C63FFCD}.Release|Any CPU.Build.0 = Release|Any CPU
		{98B8A2ED-DFCF-445C-AB9F-996355F09A40}.Debug|Any CPU.ActiveCfg = Debug|Any CPU
		{98B8A2ED-DFCF-445C-AB9F-996355F09A40}.Debug|Any CPU.Build.0 = Debug|Any CPU
		{98B8A2ED-DFCF-445C-AB9F-996355F09A40}.Release|Any CPU.ActiveCfg = Release|Any CPU
		{98B8A2ED-DFCF-445C-AB9F-996355F09A40}.Release|Any CPU.Build.0 = Release|Any CPU
		{16F2257D-A3D4-15BD-4123-6618EE334683}.Debug|Any CPU.ActiveCfg = Debug|Any CPU
		{16F2257D-A3D4-15BD-4123-6618EE334683}.Debug|Any CPU.Build.0 = Debug|Any CPU
		{16F2257D-A3D4-15BD-4123-6618EE334683}.Release|Any CPU.ActiveCfg = Release|Any CPU
		{16F2257D-A3D4-15BD-4123-6618EE334683}.Release|Any CPU.Build.0 = Release|Any CPU
		{6DADACB1-1F1D-459E-A454-7710796A15F0}.Debug|Any CPU.ActiveCfg = Debug|Any CPU
		{6DADACB1-1F1D-459E-A454-7710796A15F0}.Debug|Any CPU.Build.0 = Debug|Any CPU
		{6DADACB1-1F1D-459E-A454-7710796A15F0}.Release|Any CPU.ActiveCfg = Release|Any CPU
		{6DADACB1-1F1D-459E-A454-7710796A15F0}.Release|Any CPU.Build.0 = Release|Any CPU
		{0DC3AE9A-CD52-6964-C550-23349168D49E}.Debug|Any CPU.ActiveCfg = Debug|Any CPU
		{0DC3AE9A-CD52-6964-C550-23349168D49E}.Debug|Any CPU.Build.0 = Debug|Any CPU
		{0DC3AE9A-CD52-6964-C550-23349168D49E}.Release|Any CPU.ActiveCfg = Release|Any CPU
		{0DC3AE9A-CD52-6964-C550-23349168D49E}.Release|Any CPU.Build.0 = Release|Any CPU
		{3ED92E5B-2D4E-4603-9FEC-343F46561D2B}.Debug|Any CPU.ActiveCfg = Debug|Any CPU
		{3ED92E5B-2D4E-4603-9FEC-343F46561D2B}.Debug|Any CPU.Build.0 = Debug|Any CPU
		{3ED92E5B-2D4E-4603-9FEC-343F46561D2B}.Release|Any CPU.ActiveCfg = Release|Any CPU
		{3ED92E5B-2D4E-4603-9FEC-343F46561D2B}.Release|Any CPU.Build.0 = Release|Any CPU
		{0A2B08DA-D453-4113-8F60-E65DBC402A6A}.Debug|Any CPU.ActiveCfg = Debug|Any CPU
		{0A2B08DA-D453-4113-8F60-E65DBC402A6A}.Debug|Any CPU.Build.0 = Debug|Any CPU
		{0A2B08DA-D453-4113-8F60-E65DBC402A6A}.Release|Any CPU.ActiveCfg = Release|Any CPU
		{0A2B08DA-D453-4113-8F60-E65DBC402A6A}.Release|Any CPU.Build.0 = Release|Any CPU
		{254A2A77-B18D-451A-8902-7AD16818E360}.Debug|Any CPU.ActiveCfg = Debug|Any CPU
		{254A2A77-B18D-451A-8902-7AD16818E360}.Debug|Any CPU.Build.0 = Debug|Any CPU
		{254A2A77-B18D-451A-8902-7AD16818E360}.Release|Any CPU.ActiveCfg = Release|Any CPU
		{254A2A77-B18D-451A-8902-7AD16818E360}.Release|Any CPU.Build.0 = Release|Any CPU
		{2B77F7A3-2C48-6915-2171-D6CF3259407A}.Debug|Any CPU.ActiveCfg = Debug|Any CPU
		{2B77F7A3-2C48-6915-2171-D6CF3259407A}.Debug|Any CPU.Build.0 = Debug|Any CPU
		{2B77F7A3-2C48-6915-2171-D6CF3259407A}.Release|Any CPU.ActiveCfg = Release|Any CPU
		{2B77F7A3-2C48-6915-2171-D6CF3259407A}.Release|Any CPU.Build.0 = Release|Any CPU
	EndGlobalSection
	GlobalSection(SolutionProperties) = preSolution
		HideSolutionNode = FALSE
	EndGlobalSection
	GlobalSection(ExtensibilityGlobals) = postSolution
		SolutionGuid = {6FF52024-3F01-4AC2-B991-CEE89ACF9FFC}
	EndGlobalSection
EndGlobal
