STORAGE: NONE
STRATEGY: MIN
RESTRICTION: == net8.0
NUGET
  remote: https://api.nuget.org/v3/index.json
    BouncyCastle.Cryptography (2.4)
    coverlet.collector (6.0)
    FSharp.Core (8.0.100)
    Itminus.Middleware (0.5)
      Microsoft.Extensions.DependencyInjection (>= 2.1)
    JetBrains.Annotations (2021.2)
    Json.More.Net (1.9)
      System.Text.Json (>= 6.0.2)
    JsonPointer.Net (3.0.3)
      Json.More.Net (>= 1.8)
    JsonSchema.Net (5.2.6)
      JetBrains.Annotations (>= 2021.2)
      Json.More.Net (>= 1.9)
      JsonPointer.Net (>= 3.0.3)
    Markdig.Signed (0.33)
    McMaster.NETCore.Plugins (2.0)
    Microsoft.ApplicationInsights (2.21)
      System.Diagnostics.DiagnosticSource (>= 5.0)
    Microsoft.AspNetCore.Authorization (8.0.12)
      Microsoft.AspNetCore.Metadata (>= 8.0.12)
      Microsoft.Extensions.Logging.Abstractions (>= 8.0.2)
      Microsoft.Extensions.Options (>= 8.0.2)
    Microsoft.AspNetCore.Components (8.0.12)
      Microsoft.AspNetCore.Authorization (>= 8.0.12)
      Microsoft.AspNetCore.Components.Analyzers (>= 8.0.12)
    Microsoft.AspNetCore.Components.Analyzers (8.0.12)
    Microsoft.AspNetCore.Components.Forms (8.0.12)
      Microsoft.AspNetCore.Components (>= 8.0.12)
    Microsoft.AspNetCore.Components.Web (8.0.12)
      Microsoft.AspNetCore.Components (>= 8.0.12)
      Microsoft.AspNetCore.Components.Forms (>= 8.0.12)
      Microsoft.Extensions.DependencyInjection (>= 8.0.1)
      Microsoft.Extensions.Primitives (>= 8.0)
      Microsoft.JSInterop (>= 8.0.12)
      System.IO.Pipelines (>= 8.0)
    Microsoft.AspNetCore.Metadata (8.0.12)
    Microsoft.Bcl.AsyncInterfaces (5.0)
    Microsoft.CodeAnalysis.Analyzers (5.3.0-2.25625.1)
    Microsoft.CodeAnalysis.Common (5.3)
      Microsoft.CodeAnalysis.Analyzers (>= 5.3.0-2.25625.1)
      System.Collections.Immutable (>= 9.0)
      System.Reflection.Metadata (>= 9.0)
    Microsoft.CodeAnalysis.CSharp (5.3)
      Microsoft.CodeAnalysis.Analyzers (>= 5.3.0-2.25625.1)
      Microsoft.CodeAnalysis.Common (5.3)
      System.Collections.Immutable (>= 9.0)
      System.Reflection.Metadata (>= 9.0)
    Microsoft.CodeAnalysis.CSharp.Scripting (5.3)
      Microsoft.CodeAnalysis.Analyzers (>= 5.3.0-2.25625.1)
      Microsoft.CodeAnalysis.Common (5.3)
      Microsoft.CodeAnalysis.CSharp (5.3)
      Microsoft.CodeAnalysis.Scripting.Common (5.3)
      System.Collections.Immutable (>= 9.0)
      System.Reflection.Metadata (>= 9.0)
    Microsoft.CodeAnalysis.Scripting.Common (5.3)
      Microsoft.CodeAnalysis.Analyzers (>= 5.3.0-2.25625.1)
      Microsoft.CodeAnalysis.Common (5.3)
      System.Collections.Immutable (>= 9.0)
      System.Reflection.Metadata (>= 9.0)
    Microsoft.CodeCoverage (17.8)
    Microsoft.Extensions.Configuration (2.1)
      Microsoft.Extensions.Configuration.Abstractions (>= 2.1)
    Microsoft.Extensions.Configuration.Abstractions (2.1)
      Microsoft.Extensions.Primitives (>= 2.1)
    Microsoft.Extensions.Configuration.Binder (2.1)
      Microsoft.Extensions.Configuration (>= 2.1)
    Microsoft.Extensions.DependencyInjection (8.0.1)
      Microsoft.Extensions.DependencyInjection.Abstractions (>= 8.0.2)
    Microsoft.Extensions.DependencyInjection.Abstractions (8.0.2)
    Microsoft.Extensions.Localization (8.0.12)
      Microsoft.Extensions.DependencyInjection.Abstractions (>= 8.0.2)
      Microsoft.Extensions.Localization.Abstractions (>= 8.0.12)
      Microsoft.Extensions.Logging.Abstractions (>= 8.0.2)
      Microsoft.Extensions.Options (>= 8.0.2)
    Microsoft.Extensions.Localization.Abstractions (8.0.12)
    Microsoft.Extensions.Logging (8.0)
      Microsoft.Extensions.DependencyInjection (>= 8.0)
      Microsoft.Extensions.Logging.Abstractions (>= 8.0)
      Microsoft.Extensions.Options (>= 8.0)
    Microsoft.Extensions.Logging.Abstractions (8.0.2)
      Microsoft.Extensions.DependencyInjection.Abstractions (>= 8.0.2)
    Microsoft.Extensions.ObjectPool (5.0.10)
    Microsoft.Extensions.Options (8.0.2)
      Microsoft.Extensions.DependencyInjection.Abstractions (>= 8.0)
      Microsoft.Extensions.Primitives (>= 8.0)
    Microsoft.Extensions.Options.ConfigurationExtensions (2.1)
      Microsoft.Extensions.Configuration.Abstractions (>= 2.1)
      Microsoft.Extensions.Configuration.Binder (>= 2.1)
      Microsoft.Extensions.DependencyInjection.Abstractions (>= 2.1)
      Microsoft.Extensions.Options (>= 2.1)
    Microsoft.Extensions.Primitives (8.0)
    Microsoft.JSInterop (8.0.12)
    Microsoft.Management.Infrastructure (3.0)
      Microsoft.Management.Infrastructure.Runtime.Unix (>= 3.0)
      Microsoft.Management.Infrastructure.Runtime.Win (>= 3.0)
    Microsoft.Management.Infrastructure.CimCmdlets (7.4)
      System.Management.Automation (>= 7.4)
    Microsoft.Management.Infrastructure.Runtime.Unix (3.0)
    Microsoft.Management.Infrastructure.Runtime.Win (3.0)
    Microsoft.NET.Test.Sdk (17.8)
      Microsoft.CodeCoverage (>= 17.8)
      Microsoft.TestPlatform.TestHost (>= 17.8)
    Microsoft.NETCore.Platforms (1.1)
    Microsoft.NETCore.Targets (1.1)
    Microsoft.PowerShell.Commands.Diagnostics (7.4)
      System.Management.Automation (>= 7.4)
    Microsoft.PowerShell.Commands.Management (7.4)
      Microsoft.PowerShell.Security (>= 7.4)
      System.ServiceProcess.ServiceController (>= 8.0)
    Microsoft.PowerShell.Commands.Utility (7.4)
      JsonSchema.Net (>= 5.2.6)
      Markdig.Signed (>= 0.33)
      Microsoft.CodeAnalysis.CSharp (>= 4.8.0-2.final)
      Microsoft.PowerShell.MarkdownRender (>= 7.2.1)
      System.Drawing.Common (>= 8.0)
      System.Management.Automation (>= 7.4)
      System.Threading.AccessControl (>= 8.0)
    Microsoft.PowerShell.ConsoleHost (7.4)
      System.Management.Automation (>= 7.4)
    Microsoft.PowerShell.CoreCLR.Eventing (7.4)
      System.Diagnostics.EventLog (>= 8.0)
    Microsoft.PowerShell.MarkdownRender (7.2.1)
      Markdig.Signed (>= 0.31)
    Microsoft.PowerShell.Native (700.0)
    Microsoft.PowerShell.SDK (7.4)
      Microsoft.Management.Infrastructure.CimCmdlets (>= 7.4)
      Microsoft.PowerShell.Commands.Diagnostics (>= 7.4)
      Microsoft.PowerShell.Commands.Management (>= 7.4)
      Microsoft.PowerShell.Commands.Utility (>= 7.4)
      Microsoft.PowerShell.ConsoleHost (>= 7.4)
      Microsoft.PowerShell.Security (>= 7.4)
      Microsoft.Windows.Compatibility (>= 8.0)
      Microsoft.WSMan.Management (>= 7.4)
      System.Data.SqlClient (>= 4.8.5)
      System.IO.Packaging (>= 8.0)
      System.Management.Automation (>= 7.4)
      System.Net.Http.WinHttpHandler (>= 8.0)
      System.Private.ServiceModel (>= 4.10.3)
      System.ServiceModel.Duplex (>= 4.10.3)
      System.ServiceModel.Http (>= 4.10.3)
      System.ServiceModel.NetTcp (>= 4.10.3)
      System.ServiceModel.Primitives (>= 4.10.3)
      System.ServiceModel.Security (>= 4.10.3)
      System.Text.Encodings.Web (>= 8.0)
    Microsoft.PowerShell.Security (7.4)
      System.Management.Automation (>= 7.4)
    Microsoft.Security.Extensions (1.2)
    Microsoft.TestPlatform.ObjectModel (17.8)
      NuGet.Frameworks (>= 6.5)
      System.Reflection.Metadata (>= 1.6)
    Microsoft.TestPlatform.TestHost (17.8)
      Microsoft.TestPlatform.ObjectModel (>= 17.8)
      Newtonsoft.Json (>= 13.0.1)
    Microsoft.Win32.Primitives (4.3)
      Microsoft.NETCore.Platforms (>= 1.1)
      Microsoft.NETCore.Targets (>= 1.1)
      System.Runtime (>= 4.3)
    Microsoft.Win32.Registry (4.7)
      System.Security.AccessControl (>= 4.7)
      System.Security.Principal.Windows (>= 4.7)
    Microsoft.Win32.Registry.AccessControl (8.0)
    Microsoft.Win32.SystemEvents (8.0)
    Microsoft.Windows.Compatibility (8.0)
      Microsoft.Win32.Registry.AccessControl (>= 8.0)
      Microsoft.Win32.SystemEvents (>= 8.0)
      System.CodeDom (>= 8.0)
      System.ComponentModel.Composition (>= 8.0)
      System.ComponentModel.Composition.Registration (>= 8.0)
      System.Configuration.ConfigurationManager (>= 8.0)
      System.Data.Odbc (>= 8.0)
      System.Data.OleDb (>= 8.0)
      System.Data.SqlClient (>= 4.8.5)
      System.Diagnostics.EventLog (>= 8.0)
      System.Diagnostics.PerformanceCounter (>= 8.0)
      System.DirectoryServices (>= 8.0)
      System.DirectoryServices.AccountManagement (>= 8.0)
      System.DirectoryServices.Protocols (>= 8.0)
      System.Drawing.Common (>= 8.0)
      System.IO.Packaging (>= 8.0)
      System.IO.Ports (>= 8.0)
      System.Management (>= 8.0)
      System.Reflection.Context (>= 8.0)
      System.Runtime.Caching (>= 8.0)
      System.Security.Cryptography.Pkcs (>= 8.0)
      System.Security.Cryptography.ProtectedData (>= 8.0)
      System.Security.Cryptography.Xml (>= 8.0)
      System.Security.Permissions (>= 8.0)
      System.ServiceModel.Duplex (>= 4.10)
      System.ServiceModel.Http (>= 4.10)
      System.ServiceModel.NetTcp (>= 4.10)
      System.ServiceModel.Primitives (>= 4.10)
      System.ServiceModel.Security (>= 4.10)
      System.ServiceModel.Syndication (>= 8.0)
      System.ServiceProcess.ServiceController (>= 8.0)
      System.Speech (>= 8.0)
      System.Text.Encoding.CodePages (>= 8.0)
      System.Threading.AccessControl (>= 8.0)
      System.Web.Services.Description (>= 4.10)
    Microsoft.WSMan.Management (7.4)
      Microsoft.WSMan.Runtime (>= 7.4)
      System.Management.Automation (>= 7.4)
      System.ServiceProcess.ServiceController (>= 8.0)
    Microsoft.WSMan.Runtime (7.4)
    Microsoft.XmlSerializer.Generator (8.0)
    MudBlazor (9.2)
      Microsoft.AspNetCore.Components (>= 8.0.12)
      Microsoft.AspNetCore.Components.Web (>= 8.0.12)
      Microsoft.Extensions.Localization (>= 8.0.12)
    NETStandard.Library (1.6.1)
      Microsoft.NETCore.Platforms (>= 1.1)
      Microsoft.Win32.Primitives (>= 4.3)
      System.AppContext (>= 4.3)
      System.Collections (>= 4.3)
      System.Collections.Concurrent (>= 4.3)
      System.Console (>= 4.3)
      System.Diagnostics.Debug (>= 4.3)
      System.Diagnostics.Tools (>= 4.3)
      System.Diagnostics.Tracing (>= 4.3)
      System.Globalization (>= 4.3)
      System.Globalization.Calendars (>= 4.3)
      System.IO (>= 4.3)
      System.IO.Compression (>= 4.3)
      System.IO.Compression.ZipFile (>= 4.3)
      System.IO.FileSystem (>= 4.3)
      System.IO.FileSystem.Primitives (>= 4.3)
      System.Linq (>= 4.3)
      System.Linq.Expressions (>= 4.3)
      System.Net.Http (>= 4.3)
      System.Net.Primitives (>= 4.3)
      System.Net.Sockets (>= 4.3)
      System.ObjectModel (>= 4.3)
      System.Reflection (>= 4.3)
      System.Reflection.Extensions (>= 4.3)
      System.Reflection.Primitives (>= 4.3)
      System.Resources.ResourceManager (>= 4.3)
      System.Runtime (>= 4.3)
      System.Runtime.Extensions (>= 4.3)
      System.Runtime.Handles (>= 4.3)
      System.Runtime.InteropServices (>= 4.3)
      System.Runtime.InteropServices.RuntimeInformation (>= 4.3)
      System.Runtime.Numerics (>= 4.3)
      System.Security.Cryptography.Algorithms (>= 4.3)
      System.Security.Cryptography.Encoding (>= 4.3)
      System.Security.Cryptography.Primitives (>= 4.3)
      System.Security.Cryptography.X509Certificates (>= 4.3)
      System.Text.Encoding (>= 4.3)
      System.Text.Encoding.Extensions (>= 4.3)
      System.Text.RegularExpressions (>= 4.3)
      System.Threading (>= 4.3)
      System.Threading.Tasks (>= 4.3)
      System.Threading.Timer (>= 4.3)
      System.Xml.ReaderWriter (>= 4.3)
      System.Xml.XDocument (>= 4.3)
    Newtonsoft.Json (13.0.3)
    NModbus (3.0.62)
    NuGet.Frameworks (6.5)
    OPCFoundation.NetStandard.Opc.Ua (1.5.374.126)
      OPCFoundation.NetStandard.Opc.Ua.Client (>= 1.5.374.126)
      OPCFoundation.NetStandard.Opc.Ua.Configuration (>= 1.5.374.126)
      OPCFoundation.NetStandard.Opc.Ua.Core (>= 1.5.374.126)
      OPCFoundation.NetStandard.Opc.Ua.Gds.Client.Common (>= 1.5.374.126)
      OPCFoundation.NetStandard.Opc.Ua.Gds.Server.Common (>= 1.5.374.126)
      OPCFoundation.NetStandard.Opc.Ua.Security.Certificates (>= 1.5.374.126)
      OPCFoundation.NetStandard.Opc.Ua.Server (>= 1.5.374.126)
    OPCFoundation.NetStandard.Opc.Ua.Client (1.5.374.126)
      OPCFoundation.NetStandard.Opc.Ua.Configuration (>= 1.5.374.126)
      OPCFoundation.NetStandard.Opc.Ua.Core (>= 1.5.374.126)
    OPCFoundation.NetStandard.Opc.Ua.Configuration (1.5.374.126)
      OPCFoundation.NetStandard.Opc.Ua.Core (>= 1.5.374.126)
    OPCFoundation.NetStandard.Opc.Ua.Core (1.5.374.126)
      Microsoft.Extensions.Logging.Abstractions (>= 8.0.1)
      Newtonsoft.Json (>= 13.0.3)
      OPCFoundation.NetStandard.Opc.Ua.Security.Certificates (>= 1.5.374.126)
    OPCFoundation.NetStandard.Opc.Ua.Gds.Client.Common (1.5.374.126)
      OPCFoundation.NetStandard.Opc.Ua.Client (>= 1.5.374.126)
      OPCFoundation.NetStandard.Opc.Ua.Core (>= 1.5.374.126)
    OPCFoundation.NetStandard.Opc.Ua.Gds.Server.Common (1.5.374.126)
      BouncyCastle.Cryptography (>= 2.4)
      OPCFoundation.NetStandard.Opc.Ua.Core (>= 1.5.374.126)
      OPCFoundation.NetStandard.Opc.Ua.Server (>= 1.5.374.126)
    OPCFoundation.NetStandard.Opc.Ua.Security.Certificates (1.5.374.126)
      System.Formats.Asn1 (>= 8.0.1)
    OPCFoundation.NetStandard.Opc.Ua.Server (1.5.374.126)
      OPCFoundation.NetStandard.Opc.Ua.Configuration (>= 1.5.374.126)
      OPCFoundation.NetStandard.Opc.Ua.Core (>= 1.5.374.126)
    runtime.debian.8-x64.runtime.native.System.Security.Cryptography.OpenSsl (4.3)
    runtime.fedora.23-x64.runtime.native.System.Security.Cryptography.OpenSsl (4.3)
    runtime.fedora.24-x64.runtime.native.System.Security.Cryptography.OpenSsl (4.3)
    runtime.linux-arm.runtime.native.System.IO.Ports (8.0)
    runtime.linux-arm64.runtime.native.System.IO.Ports (8.0)
    runtime.linux-x64.runtime.native.System.IO.Ports (8.0)
    runtime.native.System (4.3)
      Microsoft.NETCore.Platforms (>= 1.1)
      Microsoft.NETCore.Targets (>= 1.1)
    runtime.native.System.Data.SqlClient.sni (4.7)
      runtime.win-arm64.runtime.native.System.Data.SqlClient.sni (>= 4.4)
      runtime.win-x64.runtime.native.System.Data.SqlClient.sni (>= 4.4)
      runtime.win-x86.runtime.native.System.Data.SqlClient.sni (>= 4.4)
    runtime.native.System.IO.Compression (4.3)
      Microsoft.NETCore.Platforms (>= 1.1)
      Microsoft.NETCore.Targets (>= 1.1)
    runtime.native.System.IO.Ports (8.0)
      runtime.linux-arm.runtime.native.System.IO.Ports (>= 8.0)
      runtime.linux-arm64.runtime.native.System.IO.Ports (>= 8.0)
      runtime.linux-x64.runtime.native.System.IO.Ports (>= 8.0)
      runtime.osx-arm64.runtime.native.System.IO.Ports (>= 8.0)
      runtime.osx-x64.runtime.native.System.IO.Ports (>= 8.0)
    runtime.native.System.Net.Http (4.3)
      Microsoft.NETCore.Platforms (>= 1.1)
      Microsoft.NETCore.Targets (>= 1.1)
    runtime.native.System.Security.Cryptography.Apple (4.3)
      runtime.osx.10.10-x64.runtime.native.System.Security.Cryptography.Apple (>= 4.3)
    runtime.native.System.Security.Cryptography.OpenSsl (4.3)
      runtime.debian.8-x64.runtime.native.System.Security.Cryptography.OpenSsl (>= 4.3)
      runtime.fedora.23-x64.runtime.native.System.Security.Cryptography.OpenSsl (>= 4.3)
      runtime.fedora.24-x64.runtime.native.System.Security.Cryptography.OpenSsl (>= 4.3)
      runtime.opensuse.13.2-x64.runtime.native.System.Security.Cryptography.OpenSsl (>= 4.3)
      runtime.opensuse.42.1-x64.runtime.native.System.Security.Cryptography.OpenSsl (>= 4.3)
      runtime.osx.10.10-x64.runtime.native.System.Security.Cryptography.OpenSsl (>= 4.3)
      runtime.rhel.7-x64.runtime.native.System.Security.Cryptography.OpenSsl (>= 4.3)
      runtime.ubuntu.14.04-x64.runtime.native.System.Security.Cryptography.OpenSsl (>= 4.3)
      runtime.ubuntu.16.04-x64.runtime.native.System.Security.Cryptography.OpenSsl (>= 4.3)
      runtime.ubuntu.16.10-x64.runtime.native.System.Security.Cryptography.OpenSsl (>= 4.3)
    runtime.opensuse.13.2-x64.runtime.native.System.Security.Cryptography.OpenSsl (4.3)
    runtime.opensuse.42.1-x64.runtime.native.System.Security.Cryptography.OpenSsl (4.3)
    runtime.osx-arm64.runtime.native.System.IO.Ports (8.0)
    runtime.osx-x64.runtime.native.System.IO.Ports (8.0)
    runtime.osx.10.10-x64.runtime.native.System.Security.Cryptography.Apple (4.3)
    runtime.osx.10.10-x64.runtime.native.System.Security.Cryptography.OpenSsl (4.3)
    runtime.rhel.7-x64.runtime.native.System.Security.Cryptography.OpenSsl (4.3)
    runtime.ubuntu.14.04-x64.runtime.native.System.Security.Cryptography.OpenSsl (4.3)
    runtime.ubuntu.16.04-x64.runtime.native.System.Security.Cryptography.OpenSsl (4.3)
    runtime.ubuntu.16.10-x64.runtime.native.System.Security.Cryptography.OpenSsl (4.3)
    runtime.win-arm64.runtime.native.System.Data.SqlClient.sni (4.4)
    runtime.win-x64.runtime.native.System.Data.SqlClient.sni (4.4)
    runtime.win-x86.runtime.native.System.Data.SqlClient.sni (4.4)
    System.AppContext (4.3)
      System.Runtime (>= 4.3)
    System.Buffers (4.3)
      System.Diagnostics.Debug (>= 4.3)
      System.Diagnostics.Tracing (>= 4.3)
      System.Resources.ResourceManager (>= 4.3)
      System.Runtime (>= 4.3)
      System.Threading (>= 4.3)
    System.CodeDom (8.0)
    System.Collections (4.3)
      Microsoft.NETCore.Platforms (>= 1.1)
      Microsoft.NETCore.Targets (>= 1.1)
      System.Runtime (>= 4.3)
    System.Collections.Concurrent (4.3)
      System.Collections (>= 4.3)
      System.Diagnostics.Debug (>= 4.3)
      System.Diagnostics.Tracing (>= 4.3)
      System.Globalization (>= 4.3)
      System.Reflection (>= 4.3)
      System.Resources.ResourceManager (>= 4.3)
      System.Runtime (>= 4.3)
      System.Runtime.Extensions (>= 4.3)
      System.Threading (>= 4.3)
      System.Threading.Tasks (>= 4.3)
    System.Collections.Immutable (9.0)
    System.ComponentModel.Composition (8.0)
    System.ComponentModel.Composition.Registration (8.0)
      System.ComponentModel.Composition (>= 8.0)
      System.Reflection.Context (>= 8.0)
    System.Configuration.ConfigurationManager (8.0)
      System.Diagnostics.EventLog (>= 8.0)
      System.Security.Cryptography.ProtectedData (>= 8.0)
    System.Console (4.3)
      Microsoft.NETCore.Platforms (>= 1.1)
      Microsoft.NETCore.Targets (>= 1.1)
      System.IO (>= 4.3)
      System.Runtime (>= 4.3)
      System.Text.Encoding (>= 4.3)
    System.Data.Odbc (8.0)
      System.Text.Encoding.CodePages (>= 8.0)
    System.Data.OleDb (8.0)
      System.Configuration.ConfigurationManager (>= 8.0)
      System.Diagnostics.PerformanceCounter (>= 8.0)
    System.Data.SqlClient (4.8.5)
      Microsoft.Win32.Registry (>= 4.7)
      runtime.native.System.Data.SqlClient.sni (>= 4.7)
      System.Security.Principal.Windows (>= 4.7)
    System.Diagnostics.Debug (4.3)
      Microsoft.NETCore.Platforms (>= 1.1)
      Microsoft.NETCore.Targets (>= 1.1)
      System.Runtime (>= 4.3)
    System.Diagnostics.DiagnosticSource (8.0)
    System.Diagnostics.EventLog (8.0)
    System.Diagnostics.PerformanceCounter (8.0)
      System.Configuration.ConfigurationManager (>= 8.0)
    System.Diagnostics.Tools (4.3)
      Microsoft.NETCore.Platforms (>= 1.1)
      Microsoft.NETCore.Targets (>= 1.1)
      System.Runtime (>= 4.3)
    System.Diagnostics.Tracing (4.3)
      Microsoft.NETCore.Platforms (>= 1.1)
      Microsoft.NETCore.Targets (>= 1.1)
      System.Runtime (>= 4.3)
    System.DirectoryServices (8.0)
    System.DirectoryServices.AccountManagement (8.0)
      System.Configuration.ConfigurationManager (>= 8.0)
      System.DirectoryServices (>= 8.0)
      System.DirectoryServices.Protocols (>= 8.0)
    System.DirectoryServices.Protocols (8.0)
    System.Drawing.Common (8.0)
      Microsoft.Win32.SystemEvents (>= 8.0)
    System.Formats.Asn1 (8.0.1)
    System.Globalization (4.3)
      Microsoft.NETCore.Platforms (>= 1.1)
      Microsoft.NETCore.Targets (>= 1.1)
      System.Runtime (>= 4.3)
    System.Globalization.Calendars (4.3)
      Microsoft.NETCore.Platforms (>= 1.1)
      Microsoft.NETCore.Targets (>= 1.1)
      System.Globalization (>= 4.3)
      System.Runtime (>= 4.3)
    System.Globalization.Extensions (4.3)
      Microsoft.NETCore.Platforms (>= 1.1)
      System.Globalization (>= 4.3)
      System.Resources.ResourceManager (>= 4.3)
      System.Runtime (>= 4.3)
      System.Runtime.Extensions (>= 4.3)
      System.Runtime.InteropServices (>= 4.3)
    System.IO (4.3)
      Microsoft.NETCore.Platforms (>= 1.1)
      Microsoft.NETCore.Targets (>= 1.1)
      System.Runtime (>= 4.3)
      System.Text.Encoding (>= 4.3)
      System.Threading.Tasks (>= 4.3)
    System.IO.Compression (4.3)
      Microsoft.NETCore.Platforms (>= 1.1)
      runtime.native.System (>= 4.3)
      runtime.native.System.IO.Compression (>= 4.3)
      System.Buffers (>= 4.3)
      System.Collections (>= 4.3)
      System.Diagnostics.Debug (>= 4.3)
      System.IO (>= 4.3)
      System.Resources.ResourceManager (>= 4.3)
      System.Runtime (>= 4.3)
      System.Runtime.Extensions (>= 4.3)
      System.Runtime.Handles (>= 4.3)
      System.Runtime.InteropServices (>= 4.3)
      System.Text.Encoding (>= 4.3)
      System.Threading (>= 4.3)
      System.Threading.Tasks (>= 4.3)
    System.IO.Compression.ZipFile (4.3)
      System.Buffers (>= 4.3)
      System.IO (>= 4.3)
      System.IO.Compression (>= 4.3)
      System.IO.FileSystem (>= 4.3)
      System.IO.FileSystem.Primitives (>= 4.3)
      System.Resources.ResourceManager (>= 4.3)
      System.Runtime (>= 4.3)
      System.Runtime.Extensions (>= 4.3)
      System.Text.Encoding (>= 4.3)
    System.IO.FileSystem (4.3)
      Microsoft.NETCore.Platforms (>= 1.1)
      Microsoft.NETCore.Targets (>= 1.1)
      System.IO (>= 4.3)
      System.IO.FileSystem.Primitives (>= 4.3)
      System.Runtime (>= 4.3)
      System.Runtime.Handles (>= 4.3)
      System.Text.Encoding (>= 4.3)
      System.Threading.Tasks (>= 4.3)
    System.IO.FileSystem.Primitives (4.3)
      System.Runtime (>= 4.3)
    System.IO.Packaging (8.0)
    System.IO.Pipelines (8.0)
    System.IO.Ports (8.0)
      runtime.native.System.IO.Ports (>= 8.0)
    System.Linq (4.3)
      System.Collections (>= 4.3)
      System.Diagnostics.Debug (>= 4.3)
      System.Resources.ResourceManager (>= 4.3)
      System.Runtime (>= 4.3)
      System.Runtime.Extensions (>= 4.3)
    System.Linq.Expressions (4.3)
      System.Collections (>= 4.3)
      System.Diagnostics.Debug (>= 4.3)
      System.Globalization (>= 4.3)
      System.IO (>= 4.3)
      System.Linq (>= 4.3)
      System.ObjectModel (>= 4.3)
      System.Reflection (>= 4.3)
      System.Reflection.Emit (>= 4.3)
      System.Reflection.Emit.ILGeneration (>= 4.3)
      System.Reflection.Emit.Lightweight (>= 4.3)
      System.Reflection.Extensions (>= 4.3)
      System.Reflection.Primitives (>= 4.3)
      System.Reflection.TypeExtensions (>= 4.3)
      System.Resources.ResourceManager (>= 4.3)
      System.Runtime (>= 4.3)
      System.Runtime.Extensions (>= 4.3)
      System.Threading (>= 4.3)
    System.Management (8.0)
      System.CodeDom (>= 8.0)
    System.Management.Automation (7.4)
      Microsoft.ApplicationInsights (>= 2.21)
      Microsoft.Management.Infrastructure (>= 3.0)
      Microsoft.PowerShell.CoreCLR.Eventing (>= 7.4)
      Microsoft.PowerShell.Native (>= 7.4)
      Microsoft.Security.Extensions (>= 1.2)
      Microsoft.Win32.Registry.AccessControl (>= 8.0)
      Newtonsoft.Json (>= 13.0.3)
      System.Configuration.ConfigurationManager (>= 8.0)
      System.Diagnostics.DiagnosticSource (>= 8.0)
      System.DirectoryServices (>= 8.0)
      System.Management (>= 8.0)
      System.Security.AccessControl (>= 6.0.2-mauipre.1.22102.15)
      System.Security.Cryptography.Pkcs (>= 8.0)
      System.Security.Permissions (>= 8.0)
      System.Text.Encoding.CodePages (>= 8.0)
    System.Memory (4.6.3)
    System.Net.Http (4.3)
      Microsoft.NETCore.Platforms (>= 1.1)
      runtime.native.System (>= 4.3)
      runtime.native.System.Net.Http (>= 4.3)
      runtime.native.System.Security.Cryptography.OpenSsl (>= 4.3)
      System.Collections (>= 4.3)
      System.Diagnostics.Debug (>= 4.3)
      System.Diagnostics.DiagnosticSource (>= 4.3)
      System.Diagnostics.Tracing (>= 4.3)
      System.Globalization (>= 4.3)
      System.Globalization.Extensions (>= 4.3)
      System.IO (>= 4.3)
      System.IO.FileSystem (>= 4.3)
      System.Net.Primitives (>= 4.3)
      System.Resources.ResourceManager (>= 4.3)
      System.Runtime (>= 4.3)
      System.Runtime.Extensions (>= 4.3)
      System.Runtime.Handles (>= 4.3)
      System.Runtime.InteropServices (>= 4.3)
      System.Security.Cryptography.Algorithms (>= 4.3)
      System.Security.Cryptography.Encoding (>= 4.3)
      System.Security.Cryptography.OpenSsl (>= 4.3)
      System.Security.Cryptography.Primitives (>= 4.3)
      System.Security.Cryptography.X509Certificates (>= 4.3)
      System.Text.Encoding (>= 4.3)
      System.Threading (>= 4.3)
      System.Threading.Tasks (>= 4.3)
    System.Net.Http.WinHttpHandler (8.0)
    System.Net.Primitives (4.3)
      Microsoft.NETCore.Platforms (>= 1.1)
      Microsoft.NETCore.Targets (>= 1.1)
      System.Runtime (>= 4.3)
      System.Runtime.Handles (>= 4.3)
    System.Net.Sockets (4.3)
      Microsoft.NETCore.Platforms (>= 1.1)
      Microsoft.NETCore.Targets (>= 1.1)
      System.IO (>= 4.3)
      System.Net.Primitives (>= 4.3)
      System.Runtime (>= 4.3)
      System.Threading.Tasks (>= 4.3)
    System.Numerics.Vectors (4.5)
    System.ObjectModel (4.3)
      System.Collections (>= 4.3)
      System.Diagnostics.Debug (>= 4.3)
      System.Resources.ResourceManager (>= 4.3)
      System.Runtime (>= 4.3)
      System.Threading (>= 4.3)
    System.Private.ServiceModel (4.10.3)
      Microsoft.Bcl.AsyncInterfaces (>= 5.0)
      Microsoft.Extensions.ObjectPool (>= 5.0.10)
      System.Numerics.Vectors (>= 4.5)
      System.Reflection.DispatchProxy (>= 4.7.1)
      System.Security.Cryptography.Xml (>= 6.0.1)
      System.Security.Principal.Windows (>= 5.0)
    System.Reactive (6.1)
    System.Reflection (4.3)
      Microsoft.NETCore.Platforms (>= 1.1)
      Microsoft.NETCore.Targets (>= 1.1)
      System.IO (>= 4.3)
      System.Reflection.Primitives (>= 4.3)
      System.Runtime (>= 4.3)
    System.Reflection.Context (8.0)
    System.Reflection.DispatchProxy (4.7.1)
    System.Reflection.Emit (4.3)
      System.IO (>= 4.3)
      System.Reflection (>= 4.3)
      System.Reflection.Emit.ILGeneration (>= 4.3)
      System.Reflection.Primitives (>= 4.3)
      System.Runtime (>= 4.3)
    System.Reflection.Emit.ILGeneration (4.3)
      System.Reflection (>= 4.3)
      System.Reflection.Primitives (>= 4.3)
      System.Runtime (>= 4.3)
    System.Reflection.Emit.Lightweight (4.3)
      System.Reflection (>= 4.3)
      System.Reflection.Emit.ILGeneration (>= 4.3)
      System.Reflection.Primitives (>= 4.3)
      System.Runtime (>= 4.3)
    System.Reflection.Extensions (4.3)
      Microsoft.NETCore.Platforms (>= 1.1)
      Microsoft.NETCore.Targets (>= 1.1)
      System.Reflection (>= 4.3)
      System.Runtime (>= 4.3)
    System.Reflection.Metadata (9.0)
      System.Collections.Immutable (>= 9.0)
    System.Reflection.Primitives (4.3)
      Microsoft.NETCore.Platforms (>= 1.1)
      Microsoft.NETCore.Targets (>= 1.1)
      System.Runtime (>= 4.3)
    System.Reflection.TypeExtensions (4.3)
      System.Reflection (>= 4.3)
      System.Runtime (>= 4.3)
    System.Resources.ResourceManager (4.3)
      Microsoft.NETCore.Platforms (>= 1.1)
      Microsoft.NETCore.Targets (>= 1.1)
      System.Globalization (>= 4.3)
      System.Reflection (>= 4.3)
      System.Runtime (>= 4.3)
    System.Runtime (4.3)
      Microsoft.NETCore.Platforms (>= 1.1)
      Microsoft.NETCore.Targets (>= 1.1)
    System.Runtime.Caching (8.0)
      System.Configuration.ConfigurationManager (>= 8.0)
    System.Runtime.CompilerServices.Unsafe (6.0)
    System.Runtime.Extensions (4.3)
      Microsoft.NETCore.Platforms (>= 1.1)
      Microsoft.NETCore.Targets (>= 1.1)
      System.Runtime (>= 4.3)
    System.Runtime.Handles (4.3)
      Microsoft.NETCore.Platforms (>= 1.1)
      Microsoft.NETCore.Targets (>= 1.1)
      System.Runtime (>= 4.3)
    System.Runtime.InteropServices (4.3)
      Microsoft.NETCore.Platforms (>= 1.1)
      Microsoft.NETCore.Targets (>= 1.1)
      System.Reflection (>= 4.3)
      System.Reflection.Primitives (>= 4.3)
      System.Runtime (>= 4.3)
      System.Runtime.Handles (>= 4.3)
    System.Runtime.InteropServices.RuntimeInformation (4.3)
      runtime.native.System (>= 4.3)
      System.Reflection (>= 4.3)
      System.Reflection.Extensions (>= 4.3)
      System.Resources.ResourceManager (>= 4.3)
      System.Runtime (>= 4.3)
      System.Runtime.InteropServices (>= 4.3)
      System.Threading (>= 4.3)
    System.Runtime.Numerics (4.3)
      System.Globalization (>= 4.3)
      System.Resources.ResourceManager (>= 4.3)
      System.Runtime (>= 4.3)
      System.Runtime.Extensions (>= 4.3)
    System.Security.AccessControl (6.0.2-mauipre.1.22102.15)
    System.Security.Cryptography.Algorithms (4.3)
      Microsoft.NETCore.Platforms (>= 1.1)
      runtime.native.System.Security.Cryptography.Apple (>= 4.3)
      runtime.native.System.Security.Cryptography.OpenSsl (>= 4.3)
      System.Collections (>= 4.3)
      System.IO (>= 4.3)
      System.Resources.ResourceManager (>= 4.3)
      System.Runtime (>= 4.3)
      System.Runtime.Extensions (>= 4.3)
      System.Runtime.Handles (>= 4.3)
      System.Runtime.InteropServices (>= 4.3)
      System.Runtime.Numerics (>= 4.3)
      System.Security.Cryptography.Encoding (>= 4.3)
      System.Security.Cryptography.Primitives (>= 4.3)
      System.Text.Encoding (>= 4.3)
    System.Security.Cryptography.Cng (4.3)
      Microsoft.NETCore.Platforms (>= 1.1)
      System.IO (>= 4.3)
      System.Resources.ResourceManager (>= 4.3)
      System.Runtime (>= 4.3)
      System.Runtime.Extensions (>= 4.3)
      System.Runtime.Handles (>= 4.3)
      System.Runtime.InteropServices (>= 4.3)
      System.Security.Cryptography.Algorithms (>= 4.3)
      System.Security.Cryptography.Encoding (>= 4.3)
      System.Security.Cryptography.Primitives (>= 4.3)
      System.Text.Encoding (>= 4.3)
    System.Security.Cryptography.Csp (4.3)
      Microsoft.NETCore.Platforms (>= 1.1)
      System.IO (>= 4.3)
      System.Reflection (>= 4.3)
      System.Resources.ResourceManager (>= 4.3)
      System.Runtime (>= 4.3)
      System.Runtime.Extensions (>= 4.3)
      System.Runtime.Handles (>= 4.3)
      System.Runtime.InteropServices (>= 4.3)
      System.Security.Cryptography.Algorithms (>= 4.3)
      System.Security.Cryptography.Encoding (>= 4.3)
      System.Security.Cryptography.Primitives (>= 4.3)
      System.Text.Encoding (>= 4.3)
      System.Threading (>= 4.3)
    System.Security.Cryptography.Encoding (4.3)
      Microsoft.NETCore.Platforms (>= 1.1)
      runtime.native.System.Security.Cryptography.OpenSsl (>= 4.3)
      System.Collections (>= 4.3)
      System.Collections.Concurrent (>= 4.3)
      System.Linq (>= 4.3)
      System.Resources.ResourceManager (>= 4.3)
      System.Runtime (>= 4.3)
      System.Runtime.Extensions (>= 4.3)
      System.Runtime.Handles (>= 4.3)
      System.Runtime.InteropServices (>= 4.3)
      System.Security.Cryptography.Primitives (>= 4.3)
      System.Text.Encoding (>= 4.3)
    System.Security.Cryptography.OpenSsl (4.3)
      runtime.native.System.Security.Cryptography.OpenSsl (>= 4.3)
      System.Collections (>= 4.3)
      System.IO (>= 4.3)
      System.Resources.ResourceManager (>= 4.3)
      System.Runtime (>= 4.3)
      System.Runtime.Extensions (>= 4.3)
      System.Runtime.Handles (>= 4.3)
      System.Runtime.InteropServices (>= 4.3)
      System.Runtime.Numerics (>= 4.3)
      System.Security.Cryptography.Algorithms (>= 4.3)
      System.Security.Cryptography.Encoding (>= 4.3)
      System.Security.Cryptography.Primitives (>= 4.3)
      System.Text.Encoding (>= 4.3)
    System.Security.Cryptography.Pkcs (8.0)
      System.Formats.Asn1 (>= 8.0)
    System.Security.Cryptography.Primitives (4.3)
      System.Diagnostics.Debug (>= 4.3)
      System.Globalization (>= 4.3)
      System.IO (>= 4.3)
      System.Resources.ResourceManager (>= 4.3)
      System.Runtime (>= 4.3)
      System.Threading (>= 4.3)
      System.Threading.Tasks (>= 4.3)
    System.Security.Cryptography.ProtectedData (8.0)
    System.Security.Cryptography.X509Certificates (4.3)
      Microsoft.NETCore.Platforms (>= 1.1)
      runtime.native.System (>= 4.3)
      runtime.native.System.Net.Http (>= 4.3)
      runtime.native.System.Security.Cryptography.OpenSsl (>= 4.3)
      System.Collections (>= 4.3)
      System.Diagnostics.Debug (>= 4.3)
      System.Globalization (>= 4.3)
      System.Globalization.Calendars (>= 4.3)
      System.IO (>= 4.3)
      System.IO.FileSystem (>= 4.3)
      System.IO.FileSystem.Primitives (>= 4.3)
      System.Resources.ResourceManager (>= 4.3)
      System.Runtime (>= 4.3)
      System.Runtime.Extensions (>= 4.3)
      System.Runtime.Handles (>= 4.3)
      System.Runtime.InteropServices (>= 4.3)
      System.Runtime.Numerics (>= 4.3)
      System.Security.Cryptography.Algorithms (>= 4.3)
      System.Security.Cryptography.Cng (>= 4.3)
      System.Security.Cryptography.Csp (>= 4.3)
      System.Security.Cryptography.Encoding (>= 4.3)
      System.Security.Cryptography.OpenSsl (>= 4.3)
      System.Security.Cryptography.Primitives (>= 4.3)
      System.Text.Encoding (>= 4.3)
      System.Threading (>= 4.3)
    System.Security.Cryptography.Xml (8.0)
      System.Security.Cryptography.Pkcs (>= 8.0)
    System.Security.Permissions (8.0)
      System.Windows.Extensions (>= 8.0)
    System.Security.Principal.Windows (5.0)
    System.ServiceModel.Duplex (4.10.3)
      System.Private.ServiceModel (>= 4.10.3)
      System.ServiceModel.Primitives (>= 4.10.3)
    System.ServiceModel.Http (4.10.3)
      System.Private.ServiceModel (>= 4.10.3)
      System.ServiceModel.Primitives (>= 4.10.3)
    System.ServiceModel.NetTcp (4.10.3)
      System.Private.ServiceModel (>= 4.10.3)
      System.ServiceModel.Primitives (>= 4.10.3)
    System.ServiceModel.Primitives (4.10.3)
      System.Private.ServiceModel (>= 4.10.3)
    System.ServiceModel.Security (4.10.3)
      System.Private.ServiceModel (>= 4.10.3)
      System.ServiceModel.Primitives (>= 4.10.3)
    System.ServiceModel.Syndication (8.0)
    System.ServiceProcess.ServiceController (8.0)
      System.Diagnostics.EventLog (>= 8.0)
    System.Speech (8.0)
    System.Text.Encoding (4.3)
      Microsoft.NETCore.Platforms (>= 1.1)
      Microsoft.NETCore.Targets (>= 1.1)
      System.Runtime (>= 4.3)
    System.Text.Encoding.CodePages (8.0)
    System.Text.Encoding.Extensions (4.3)
      Microsoft.NETCore.Platforms (>= 1.1)
      Microsoft.NETCore.Targets (>= 1.1)
      System.Runtime (>= 4.3)
      System.Text.Encoding (>= 4.3)
    System.Text.Encodings.Web (8.0)
    System.Text.Json (6.0.2)
      System.Runtime.CompilerServices.Unsafe (>= 6.0)
      System.Text.Encodings.Web (>= 6.0)
    System.Text.RegularExpressions (4.3)
      System.Runtime (>= 4.3)
    System.Threading (4.3)
      System.Runtime (>= 4.3)
      System.Threading.Tasks (>= 4.3)
    System.Threading.AccessControl (8.0)
    System.Threading.Tasks (4.3)
      Microsoft.NETCore.Platforms (>= 1.1)
      Microsoft.NETCore.Targets (>= 1.1)
      System.Runtime (>= 4.3)
    System.Threading.Tasks.Extensions (4.3)
      System.Collections (>= 4.3)
      System.Runtime (>= 4.3)
      System.Threading.Tasks (>= 4.3)
    System.Threading.Timer (4.3)
      Microsoft.NETCore.Platforms (>= 1.1)
      Microsoft.NETCore.Targets (>= 1.1)
      System.Runtime (>= 4.3)
    System.Web.Services.Description (4.10)
    System.Windows.Extensions (8.0)
    System.Xml.ReaderWriter (4.3)
      System.Collections (>= 4.3)
      System.Diagnostics.Debug (>= 4.3)
      System.Globalization (>= 4.3)
      System.IO (>= 4.3)
      System.IO.FileSystem (>= 4.3)
      System.IO.FileSystem.Primitives (>= 4.3)
      System.Resources.ResourceManager (>= 4.3)
      System.Runtime (>= 4.3)
      System.Runtime.Extensions (>= 4.3)
      System.Runtime.InteropServices (>= 4.3)
      System.Text.Encoding (>= 4.3)
      System.Text.Encoding.Extensions (>= 4.3)
      System.Text.RegularExpressions (>= 4.3)
      System.Threading.Tasks (>= 4.3)
      System.Threading.Tasks.Extensions (>= 4.3)
    System.Xml.XDocument (4.3)
      System.Collections (>= 4.3)
      System.Diagnostics.Debug (>= 4.3)
      System.Diagnostics.Tools (>= 4.3)
      System.Globalization (>= 4.3)
      System.IO (>= 4.3)
      System.Reflection (>= 4.3)
      System.Resources.ResourceManager (>= 4.3)
      System.Runtime (>= 4.3)
      System.Runtime.Extensions (>= 4.3)
      System.Text.Encoding (>= 4.3)
      System.Threading (>= 4.3)
      System.Xml.ReaderWriter (>= 4.3)
    xunit (2.5.3)
      xunit.analyzers (>= 1.4)
      xunit.assert (>= 2.5.3)
      xunit.core (2.5.3)
    xunit.abstractions (2.0.3)
    xunit.analyzers (1.4)
    xunit.assert (2.5.3)
      NETStandard.Library (>= 1.6.1)
    xunit.core (2.5.3)
      xunit.extensibility.core (2.5.3)
      xunit.extensibility.execution (2.5.3)
    xunit.extensibility.core (2.5.3)
      NETStandard.Library (>= 1.6.1)
      xunit.abstractions (>= 2.0.3)
    xunit.extensibility.execution (2.5.3)
      NETStandard.Library (>= 1.6.1)
      xunit.extensibility.core (2.5.3)
    xunit.runner.visualstudio (2.5.3)
  remote: https://baget.stdunit.com/v3/index.json
    FutureTech.ModbusTcp.Options (0.5.0)
      Microsoft.Extensions.DependencyInjection (>= 2.1)
      Microsoft.Extensions.Logging (>= 2.1)
      Microsoft.Extensions.Options.ConfigurationExtensions (>= 2.1)
      NModbus (>= 3.0.62)
    FutureTech.Protocols (0.5.2)
    Itminus.FSharpExtensions (0.1.7)
      FSharp.Core (>= 4.7)
    StdUnit.Sharp7 (0.6.4)
    StdUnit.Sharp7.Options (0.6.4)
      FSharp.Core (>= 4.7.2)
      FutureTech.Protocols (>= 0.5)
      Itminus.Middleware (>= 0.5)
      Microsoft.Extensions.Logging (>= 2.1)
      Microsoft.Extensions.Options.ConfigurationExtensions (>= 2.1)
      StdUnit.Sharp7 (>= 0.6.4)
